<?xml version="1.0" encoding="utf-8"?>
<Project ToolsVersion="4.0" xmlns="http://schemas.microsoft.com/developer/msbuild/2003">
  <ItemGroup>
    <Filter Include="Dynamix">
      <UniqueIdentifier>{9F8A7598-0B6A-F433-1482-7F0A80E05A95}</UniqueIdentifier>
    </Filter>
    <Filter Include="Dynamix\Events">
      <UniqueIdentifier>{A32DEFE7-8FFB-E2ED-788F-531464FCBE52}</UniqueIdentifier>
    </Filter>
    <Filter Include="Dynamix\Platform">
      <UniqueIdentifier>{D3298FBC-BF22-AE0E-E854-9393D4AC8D1A}</UniqueIdentifier>
    </Filter>
    <Filter Include="Dynamix\Platform\Windows">
      <UniqueIdentifier>{0DF74652-F91B-96D2-2267-7B620EEB94F0}</UniqueIdentifier>
    </Filter>
  </ItemGroup>
  <ItemGroup>
    <ClInclude Include="src\Dynamix.h" />
    <ClInclude Include="src\Dynamix\Application.h">
      <Filter>Dynamix</Filter>
    </ClInclude>
    <ClInclude Include="src\Dynamix\Core.h">
      <Filter>Dynamix</Filter>
    </ClInclude>
    <ClInclude Include="src\Dynamix\EntryPoint.h">
      <Filter>Dynamix</Filter>
    </ClInclude>
    <ClInclude Include="src\Dynamix\Events\ApplicationEvent.h">
      <Filter>Dynamix\Events</Filter>
    </ClInclude>
    <ClInclude Include="src\Dynamix\Events\Event.h">
      <Filter>Dynamix\Events</Filter>
    </ClInclude>
    <ClInclude Include="src\Dynamix\Events\KeyEvent.h">
      <Filter>Dynamix\Events</Filter>
    </ClInclude>
    <ClInclude Include="src\Dynamix\Events\MouseEvent.h">
      <Filter>Dynamix\Events</Filter>
    </ClInclude>
    <ClInclude Include="src\Dynamix\Log.h">
      <Filter>Dynamix</Filter>
    </ClInclude>
    <ClInclude Include="src\Dynamix\Platform\Windows\WindowsWindow.h">
      <Filter>Dynamix\Platform\Windows</Filter>
    </ClInclude>
    <ClInclude Include="src\Dynamix\Window.h">
      <Filter>Dynamix</Filter>
    </ClInclude>
    <ClInclude Include="src\dypch.h" />
  </ItemGroup>
  <ItemGroup>
    <ClCompile Include="src\Dynamix\Application.cpp">
      <Filter>Dynamix</Filter>
    </ClCompile>
    <ClCompile Include="src\Dynamix\Log.cpp">
      <Filter>Dynamix</Filter>
    </ClCompile>
    <ClCompile Include="src\Dynamix\Platform\Windows\WindowsWindow.cpp">
      <Filter>Dynamix\Platform\Windows</Filter>
    </ClCompile>
    <ClCompile Include="src\dypch.cpp" />
  </ItemGroup>
</Project>